# This file is automatically @generated by Cargo.
# It is not intended for manual editing.
[[package]]
name = "rand_core"
version = "0.5.1"
source = "registry+https://github.com/rust-lang/crates.io-index"
checksum = "90bde5296fc891b0cef12a6d03ddccc162ce7b2aff54160af9338f8d40df6d19"

[[package]]
name = "wasi"
version = "0.9.0+wasi-snapshot-preview1"
source = "registry+https://github.com/rust-lang/crates.io-index"
checksum = "cccddf32554fecc6acb585f82a32a72e28b48f8c4c1883ddfeeeaa96f7d8e519"

[[package]]
name = "wasi-rng"
version = "0.1.3"
source = "registry+https://github.com/rust-lang/crates.io-index"
checksum = "5dabfbb2bf6b7945fc1480d0448f9be5a4ea19f6862d947380fb8e89d45c7594"
dependencies = [
 "rand_core",
 "wasi",
]

[[package]]
name = "wasi_test"
version = "0.1.0"
dependencies = [
 "rand_core",
 "wasi-rng",
]
