# This file is automatically @generated by Cargo.
# It is not intended for manual editing.
version = 4

[[package]]
name = "bitflags"
version = "2.9.1"
source = "registry+https://github.com/rust-lang/crates.io-index"
checksum = "1b8e56985ec62d17e9c1001dc89c88ecd7dc08e47eba5ec7c29c7b5eeecde967"

[[package]]
name = "exported_interface"
version = "0.1.0"
dependencies = [
 "wit-bindgen-rt",
]

[[package]]
name = "wit-bindgen-rt"
version = "0.42.1"
source = "registry+https://github.com/rust-lang/crates.io-index"
checksum = "051105bab12bc78e161f8dfb3596e772dd6a01ebf9c4840988e00347e744966a"
dependencies = [
 "bitflags",
]
